
Microsoft Visual Studio Solution File, Format Version 12.00
# Visual Studio Version 17
VisualStudioVersion = 17.11.35327.3
MinimumVisualStudioVersion = 10.0.40219.1
Project("{2150E333-8FDC-42A3-9474-1A3956D46DE8}") = "Task0", "Task0", "{A32A969D-11C4-4C6F-8B46-991E5182985D}"
EndProject
Project("{FAE04EC0-301F-11D3-BF4B-00C04F79EFBC}") = "Tyuiu.Sprincong3.Sprint0.Task0.V0", "Tyuiu.Sprincong3.Sprint0.Task0.V0\Tyuiu.Sprincong3.Sprint0.Task0.V0.csproj", "{FB8936C5-D774-41C2-AB37-D07432DB4610}"
EndProject
Project("{2150E333-8FDC-42A3-9474-1A3956D46DE8}") = "Task1", "Task1", "{26D04784-83E4-44B8-8EDD-ABC2F7438C75}"
EndProject
Project("{FAE04EC0-301F-11D3-BF4B-00C04F79EFBC}") = "Tyuiu.Spirincong3.Spirint0.Task1.V0", "Tyuiu.Spirincong3.Spirint0.Task1.V0\Tyuiu.Spirincong3.Spirint0.Task1.V0.csproj", "{F30FD2EB-3D12-487A-9AB4-B0803FE3C58F}"
EndProject
Project("{2150E333-8FDC-42A3-9474-1A3956D46DE8}") = "Task2", "Task2", "{8BD9EFAA-2277-4AF5-AE51-A6D54C455059}"
EndProject
Project("{FAE04EC0-301F-11D3-BF4B-00C04F79EFBC}") = "Tyuiu.Spirincong3.Spirint0.Task2.V0", "ConsoleApp1\Tyuiu.Spirincong3.Spirint0.Task2.V0.csproj", "{9F270791-C3F7-4648-B52D-9AB59A2DF9F7}"
EndProject
Project("{FAE04EC0-301F-11D3-BF4B-00C04F79EFBC}") = "Tyuiu.Spirincong3.Spirint0.Task2.V0.Lib", "Tyuiu.Spirincong3.Spirint0.Task2.V0.Lib\Tyuiu.Spirincong3.Spirint0.Task2.V0.Lib.csproj", "{D9CC3B87-FED2-43AB-B1B1-604D07FE0A2C}"
EndProject
Project("{FAE04EC0-301F-11D3-BF4B-00C04F79EFBC}") = "Tyuiu.Spirincong3.Spirint0.Task2.V0.Test", "Tyuiu.Spirincong3.Spirint0.Task2.V0.Test\Tyuiu.Spirincong3.Spirint0.Task2.V0.Test.csproj", "{8746E010-42D8-4D82-B5F8-1E9445697380}"
EndProject
Project("{2150E333-8FDC-42A3-9474-1A3956D46DE8}") = "Task3", "Task3", "{180A1B76-B50C-4BBC-945C-4C38C81CACD5}"
EndProject
Project("{FAE04EC0-301F-11D3-BF4B-00C04F79EFBC}") = "Tyuiu.Spirincong3.Spirint0.Task3.V0", "Tyuiu.Spirincong3.Spirint0.Task3.V0\Tyuiu.Spirincong3.Spirint0.Task3.V0.csproj", "{63C985B3-A170-4D37-952C-7F1B60963402}"
EndProject
Project("{FAE04EC0-301F-11D3-BF4B-00C04F79EFBC}") = "Tyuiu.Spirincong3.Spirint0.Task3.V0.Lib", "Tyuiu.Spirincong3.Spirint0.Task3.V0.Lib\Tyuiu.Spirincong3.Spirint0.Task3.V0.Lib.csproj", "{7B85CE05-D0AA-403C-BD21-739AE966F7E4}"
EndProject
Project("{FAE04EC0-301F-11D3-BF4B-00C04F79EFBC}") = "Tyuiu.Spirincong3.Spirint0.Task3.V0.Test", "Tyuiu.Spirincong3.Spirint0.Task3.V0.Test\Tyuiu.Spirincong3.Spirint0.Task3.V0.Test.csproj", "{F6F73DAD-5EAD-48E7-AB0C-9B531A74664B}"
EndProject
Project("{2150E333-8FDC-42A3-9474-1A3956D46DE8}") = "Task4", "Task4", "{F906D177-36F8-4601-9DA5-09C6A946030B}"
EndProject
Project("{FAE04EC0-301F-11D3-BF4B-00C04F79EFBC}") = "Tyuiu.Spirincong3.Spirint0.Task4.V0", "Tyuiu.Spirincong3.Spirint0.Task4.V0\Tyuiu.Spirincong3.Spirint0.Task4.V0.csproj", "{6D5E3283-EF6F-46DA-93FD-EA0DC836C28D}"
EndProject
Project("{FAE04EC0-301F-11D3-BF4B-00C04F79EFBC}") = "Tyuiu.Spirincong3.Spirint0.Task4.V0.Lib", "Tyuiu.Spirincong3.Spirint0.Task4.V0.Lib\Tyuiu.Spirincong3.Spirint0.Task4.V0.Lib.csproj", "{AB4E2360-9816-4909-A371-7D13CBA4701C}"
EndProject
Project("{FAE04EC0-301F-11D3-BF4B-00C04F79EFBC}") = "Tyuiu.Spirincong3.Spirint0.Task4.V0.Test", "Tyuiu.Spirincong3.Spirint0.Task4.V0.Test\Tyuiu.Spirincong3.Spirint0.Task4.V0.Test.csproj", "{7AE9D038-7305-4ED5-87C1-36428737CBD7}"
EndProject
Project("{2150E333-8FDC-42A3-9474-1A3956D46DE8}") = "Task5", "Task5", "{B0820DC4-7CA5-4C96-89CC-FA6F465C58CA}"
EndProject
Project("{FAE04EC0-301F-11D3-BF4B-00C04F79EFBC}") = "Tyuiu.Spirincong3.Spirint0.Task5.V0", "Tyuiu.Spirincong3.Spirint0.Task5.V0\Tyuiu.Spirincong3.Spirint0.Task5.V0.csproj", "{11223605-4CD0-459F-8F7B-8B4E063E50CF}"
EndProject
Project("{FAE04EC0-301F-11D3-BF4B-00C04F79EFBC}") = "Tyuiu.Spirincong3.Spirint0.task5.V0.Lib", "Tyuiu.Spirincong3.Spirint0.task5.V0.Lib\Tyuiu.Spirincong3.Spirint0.task5.V0.Lib.csproj", "{40678CE7-53AD-41FB-99DA-AD3A68A4D1C5}"
EndProject
Project("{FAE04EC0-301F-11D3-BF4B-00C04F79EFBC}") = "Tyuiu.Spirincong3.Spirint0.Task5.V0.Test", "Tyuiu.Spirincong3.Spirint0.Task5.V0.Test\Tyuiu.Spirincong3.Spirint0.Task5.V0.Test.csproj", "{F6C09ED0-99AD-4A92-BF26-4CD6CA03E2E5}"
EndProject
Project("{2150E333-8FDC-42A3-9474-1A3956D46DE8}") = "Task6", "Task6", "{10D4399A-AEE5-430E-AE70-3CDC5A24073A}"
EndProject
Project("{FAE04EC0-301F-11D3-BF4B-00C04F79EFBC}") = "Tyuiu.Spirincong3.Spirint0.Task6.V0", "Tyuiu.Spirincong3.Spirint0.V0\Tyuiu.Spirincong3.Spirint0.Task6.V0.csproj", "{64A6D320-6913-4049-AE7B-0789CBA1EBA6}"
EndProject
Project("{FAE04EC0-301F-11D3-BF4B-00C04F79EFBC}") = "Tyuiu.Spirincong3.Spirint0.Task6.V0.Lib", "Tyuiu.Spirincong3.Spirint0.Task6.V0.Lib\Tyuiu.Spirincong3.Spirint0.Task6.V0.Lib.csproj", "{A4DA1779-EAAD-4889-A4AA-1764BB227FD7}"
EndProject
Project("{FAE04EC0-301F-11D3-BF4B-00C04F79EFBC}") = "Tyuiu.Spirincong3.Spirint0.Task6.V0.Test", "Tyuiu.Spirincong3.Spirint0.Task6.V0.Test\Tyuiu.Spirincong3.Spirint0.Task6.V0.Test.csproj", "{812C5A4F-993C-4EBE-A287-4086703B55BC}"
EndProject
Project("{2150E333-8FDC-42A3-9474-1A3956D46DE8}") = "Task7", "Task7", "{938993CF-0982-4369-8157-282F694CA13B}"
EndProject
Project("{FAE04EC0-301F-11D3-BF4B-00C04F79EFBC}") = "Tyuiu.Spirincong3.Spirint0.Task7.V0", "Tyuiu.Spirincong3.Spirint0.Task7.V0\Tyuiu.Spirincong3.Spirint0.Task7.V0.csproj", "{0FF5BA2F-5C80-4078-B84A-0D44E65CB8D9}"
EndProject
Project("{FAE04EC0-301F-11D3-BF4B-00C04F79EFBC}") = "Tyuiu.Spirincong3.Spirint0.Task7.V0.Lib", "Tyuiu.Spirincong3.Spirint0.Task7.V0.Lib\Tyuiu.Spirincong3.Spirint0.Task7.V0.Lib.csproj", "{A46DCD2B-E703-451B-9DC1-2ECE90B17E91}"
EndProject
Project("{FAE04EC0-301F-11D3-BF4B-00C04F79EFBC}") = "Tyuiu.Spirincong3.Spirint0.Task7.V0.Test", "Tyuiu.Spirincong3.Spirint0.Task7.V0.Test\Tyuiu.Spirincong3.Spirint0.Task7.V0.Test.csproj", "{F3673736-3625-4815-A0E4-D27849C443EA}"
EndProject
Global
	GlobalSection(SolutionConfigurationPlatforms) = preSolution
		Debug|Any CPU = Debug|Any CPU
		Release|Any CPU = Release|Any CPU
	EndGlobalSection
	GlobalSection(ProjectConfigurationPlatforms) = postSolution
		{FB8936C5-D774-41C2-AB37-D07432DB4610}.Debug|Any CPU.ActiveCfg = Debug|Any CPU
		{FB8936C5-D774-41C2-AB37-D07432DB4610}.Debug|Any CPU.Build.0 = Debug|Any CPU
		{FB8936C5-D774-41C2-AB37-D07432DB4610}.Release|Any CPU.ActiveCfg = Release|Any CPU
		{FB8936C5-D774-41C2-AB37-D07432DB4610}.Release|Any CPU.Build.0 = Release|Any CPU
		{F30FD2EB-3D12-487A-9AB4-B0803FE3C58F}.Debug|Any CPU.ActiveCfg = Debug|Any CPU
		{F30FD2EB-3D12-487A-9AB4-B0803FE3C58F}.Debug|Any CPU.Build.0 = Debug|Any CPU
		{F30FD2EB-3D12-487A-9AB4-B0803FE3C58F}.Release|Any CPU.ActiveCfg = Release|Any CPU
		{F30FD2EB-3D12-487A-9AB4-B0803FE3C58F}.Release|Any CPU.Build.0 = Release|Any CPU
		{9F270791-C3F7-4648-B52D-9AB59A2DF9F7}.Debug|Any CPU.ActiveCfg = Debug|Any CPU
		{9F270791-C3F7-4648-B52D-9AB59A2DF9F7}.Debug|Any CPU.Build.0 = Debug|Any CPU
		{9F270791-C3F7-4648-B52D-9AB59A2DF9F7}.Release|Any CPU.ActiveCfg = Release|Any CPU
		{9F270791-C3F7-4648-B52D-9AB59A2DF9F7}.Release|Any CPU.Build.0 = Release|Any CPU
		{D9CC3B87-FED2-43AB-B1B1-604D07FE0A2C}.Debug|Any CPU.ActiveCfg = Debug|Any CPU
		{D9CC3B87-FED2-43AB-B1B1-604D07FE0A2C}.Debug|Any CPU.Build.0 = Debug|Any CPU
		{D9CC3B87-FED2-43AB-B1B1-604D07FE0A2C}.Release|Any CPU.ActiveCfg = Release|Any CPU
		{D9CC3B87-FED2-43AB-B1B1-604D07FE0A2C}.Release|Any CPU.Build.0 = Release|Any CPU
		{8746E010-42D8-4D82-B5F8-1E9445697380}.Debug|Any CPU.ActiveCfg = Debug|Any CPU
		{8746E010-42D8-4D82-B5F8-1E9445697380}.Debug|Any CPU.Build.0 = Debug|Any CPU
		{8746E010-42D8-4D82-B5F8-1E9445697380}.Release|Any CPU.ActiveCfg = Release|Any CPU
		{8746E010-42D8-4D82-B5F8-1E9445697380}.Release|Any CPU.Build.0 = Release|Any CPU
		{63C985B3-A170-4D37-952C-7F1B60963402}.Debug|Any CPU.ActiveCfg = Debug|Any CPU
		{63C985B3-A170-4D37-952C-7F1B60963402}.Debug|Any CPU.Build.0 = Debug|Any CPU
		{63C985B3-A170-4D37-952C-7F1B60963402}.Release|Any CPU.ActiveCfg = Release|Any CPU
		{63C985B3-A170-4D37-952C-7F1B60963402}.Release|Any CPU.Build.0 = Release|Any CPU
		{7B85CE05-D0AA-403C-BD21-739AE966F7E4}.Debug|Any CPU.ActiveCfg = Debug|Any CPU
		{7B85CE05-D0AA-403C-BD21-739AE966F7E4}.Debug|Any CPU.Build.0 = Debug|Any CPU
		{7B85CE05-D0AA-403C-BD21-739AE966F7E4}.Release|Any CPU.ActiveCfg = Release|Any CPU
		{7B85CE05-D0AA-403C-BD21-739AE966F7E4}.Release|Any CPU.Build.0 = Release|Any CPU
		{F6F73DAD-5EAD-48E7-AB0C-9B531A74664B}.Debug|Any CPU.ActiveCfg = Debug|Any CPU
		{F6F73DAD-5EAD-48E7-AB0C-9B531A74664B}.Debug|Any CPU.Build.0 = Debug|Any CPU
		{F6F73DAD-5EAD-48E7-AB0C-9B531A74664B}.Release|Any CPU.ActiveCfg = Release|Any CPU
		{F6F73DAD-5EAD-48E7-AB0C-9B531A74664B}.Release|Any CPU.Build.0 = Release|Any CPU
		{6D5E3283-EF6F-46DA-93FD-EA0DC836C28D}.Debug|Any CPU.ActiveCfg = Debug|Any CPU
		{6D5E3283-EF6F-46DA-93FD-EA0DC836C28D}.Debug|Any CPU.Build.0 = Debug|Any CPU
		{6D5E3283-EF6F-46DA-93FD-EA0DC836C28D}.Release|Any CPU.ActiveCfg = Release|Any CPU
		{6D5E3283-EF6F-46DA-93FD-EA0DC836C28D}.Release|Any CPU.Build.0 = Release|Any CPU
		{AB4E2360-9816-4909-A371-7D13CBA4701C}.Debug|Any CPU.ActiveCfg = Debug|Any CPU
		{AB4E2360-9816-4909-A371-7D13CBA4701C}.Debug|Any CPU.Build.0 = Debug|Any CPU
		{AB4E2360-9816-4909-A371-7D13CBA4701C}.Release|Any CPU.ActiveCfg = Release|Any CPU
		{AB4E2360-9816-4909-A371-7D13CBA4701C}.Release|Any CPU.Build.0 = Release|Any CPU
		{7AE9D038-7305-4ED5-87C1-36428737CBD7}.Debug|Any CPU.ActiveCfg = Debug|Any CPU
		{7AE9D038-7305-4ED5-87C1-36428737CBD7}.Debug|Any CPU.Build.0 = Debug|Any CPU
		{7AE9D038-7305-4ED5-87C1-36428737CBD7}.Release|Any CPU.ActiveCfg = Release|Any CPU
		{7AE9D038-7305-4ED5-87C1-36428737CBD7}.Release|Any CPU.Build.0 = Release|Any CPU
		{11223605-4CD0-459F-8F7B-8B4E063E50CF}.Debug|Any CPU.ActiveCfg = Debug|Any CPU
		{11223605-4CD0-459F-8F7B-8B4E063E50CF}.Debug|Any CPU.Build.0 = Debug|Any CPU
		{11223605-4CD0-459F-8F7B-8B4E063E50CF}.Release|Any CPU.ActiveCfg = Release|Any CPU
		{11223605-4CD0-459F-8F7B-8B4E063E50CF}.Release|Any CPU.Build.0 = Release|Any CPU
		{40678CE7-53AD-41FB-99DA-AD3A68A4D1C5}.Debug|Any CPU.ActiveCfg = Debug|Any CPU
		{40678CE7-53AD-41FB-99DA-AD3A68A4D1C5}.Debug|Any CPU.Build.0 = Debug|Any CPU
		{40678CE7-53AD-41FB-99DA-AD3A68A4D1C5}.Release|Any CPU.ActiveCfg = Release|Any CPU
		{40678CE7-53AD-41FB-99DA-AD3A68A4D1C5}.Release|Any CPU.Build.0 = Release|Any CPU
		{F6C09ED0-99AD-4A92-BF26-4CD6CA03E2E5}.Debug|Any CPU.ActiveCfg = Debug|Any CPU
		{F6C09ED0-99AD-4A92-BF26-4CD6CA03E2E5}.Debug|Any CPU.Build.0 = Debug|Any CPU
		{F6C09ED0-99AD-4A92-BF26-4CD6CA03E2E5}.Release|Any CPU.ActiveCfg = Release|Any CPU
		{F6C09ED0-99AD-4A92-BF26-4CD6CA03E2E5}.Release|Any CPU.Build.0 = Release|Any CPU
		{64A6D320-6913-4049-AE7B-0789CBA1EBA6}.Debug|Any CPU.ActiveCfg = Debug|Any CPU
		{64A6D320-6913-4049-AE7B-0789CBA1EBA6}.Debug|Any CPU.Build.0 = Debug|Any CPU
		{64A6D320-6913-4049-AE7B-0789CBA1EBA6}.Release|Any CPU.ActiveCfg = Release|Any CPU
		{64A6D320-6913-4049-AE7B-0789CBA1EBA6}.Release|Any CPU.Build.0 = Release|Any CPU
		{A4DA1779-EAAD-4889-A4AA-1764BB227FD7}.Debug|Any CPU.ActiveCfg = Debug|Any CPU
		{A4DA1779-EAAD-4889-A4AA-1764BB227FD7}.Debug|Any CPU.Build.0 = Debug|Any CPU
		{A4DA1779-EAAD-4889-A4AA-1764BB227FD7}.Release|Any CPU.ActiveCfg = Release|Any CPU
		{A4DA1779-EAAD-4889-A4AA-1764BB227FD7}.Release|Any CPU.Build.0 = Release|Any CPU
		{812C5A4F-993C-4EBE-A287-4086703B55BC}.Debug|Any CPU.ActiveCfg = Debug|Any CPU
		{812C5A4F-993C-4EBE-A287-4086703B55BC}.Debug|Any CPU.Build.0 = Debug|Any CPU
		{812C5A4F-993C-4EBE-A287-4086703B55BC}.Release|Any CPU.ActiveCfg = Release|Any CPU
		{812C5A4F-993C-4EBE-A287-4086703B55BC}.Release|Any CPU.Build.0 = Release|Any CPU
		{0FF5BA2F-5C80-4078-B84A-0D44E65CB8D9}.Debug|Any CPU.ActiveCfg = Debug|Any CPU
		{0FF5BA2F-5C80-4078-B84A-0D44E65CB8D9}.Debug|Any CPU.Build.0 = Debug|Any CPU
		{0FF5BA2F-5C80-4078-B84A-0D44E65CB8D9}.Release|Any CPU.ActiveCfg = Release|Any CPU
		{0FF5BA2F-5C80-4078-B84A-0D44E65CB8D9}.Release|Any CPU.Build.0 = Release|Any CPU
		{A46DCD2B-E703-451B-9DC1-2ECE90B17E91}.Debug|Any CPU.ActiveCfg = Debug|Any CPU
		{A46DCD2B-E703-451B-9DC1-2ECE90B17E91}.Debug|Any CPU.Build.0 = Debug|Any CPU
		{A46DCD2B-E703-451B-9DC1-2ECE90B17E91}.Release|Any CPU.ActiveCfg = Release|Any CPU
		{A46DCD2B-E703-451B-9DC1-2ECE90B17E91}.Release|Any CPU.Build.0 = Release|Any CPU
		{F3673736-3625-4815-A0E4-D27849C443EA}.Debug|Any CPU.ActiveCfg = Debug|Any CPU
		{F3673736-3625-4815-A0E4-D27849C443EA}.Debug|Any CPU.Build.0 = Debug|Any CPU
		{F3673736-3625-4815-A0E4-D27849C443EA}.Release|Any CPU.ActiveCfg = Release|Any CPU
		{F3673736-3625-4815-A0E4-D27849C443EA}.Release|Any CPU.Build.0 = Release|Any CPU
	EndGlobalSection
	GlobalSection(SolutionProperties) = preSolution
		HideSolutionNode = FALSE
	EndGlobalSection
	GlobalSection(NestedProjects) = preSolution
		{FB8936C5-D774-41C2-AB37-D07432DB4610} = {A32A969D-11C4-4C6F-8B46-991E5182985D}
		{F30FD2EB-3D12-487A-9AB4-B0803FE3C58F} = {26D04784-83E4-44B8-8EDD-ABC2F7438C75}
		{9F270791-C3F7-4648-B52D-9AB59A2DF9F7} = {8BD9EFAA-2277-4AF5-AE51-A6D54C455059}
		{D9CC3B87-FED2-43AB-B1B1-604D07FE0A2C} = {8BD9EFAA-2277-4AF5-AE51-A6D54C455059}
		{8746E010-42D8-4D82-B5F8-1E9445697380} = {8BD9EFAA-2277-4AF5-AE51-A6D54C455059}
		{63C985B3-A170-4D37-952C-7F1B60963402} = {180A1B76-B50C-4BBC-945C-4C38C81CACD5}
		{7B85CE05-D0AA-403C-BD21-739AE966F7E4} = {180A1B76-B50C-4BBC-945C-4C38C81CACD5}
		{F6F73DAD-5EAD-48E7-AB0C-9B531A74664B} = {180A1B76-B50C-4BBC-945C-4C38C81CACD5}
		{6D5E3283-EF6F-46DA-93FD-EA0DC836C28D} = {F906D177-36F8-4601-9DA5-09C6A946030B}
		{AB4E2360-9816-4909-A371-7D13CBA4701C} = {F906D177-36F8-4601-9DA5-09C6A946030B}
		{7AE9D038-7305-4ED5-87C1-36428737CBD7} = {F906D177-36F8-4601-9DA5-09C6A946030B}
		{11223605-4CD0-459F-8F7B-8B4E063E50CF} = {B0820DC4-7CA5-4C96-89CC-FA6F465C58CA}
		{40678CE7-53AD-41FB-99DA-AD3A68A4D1C5} = {B0820DC4-7CA5-4C96-89CC-FA6F465C58CA}
		{F6C09ED0-99AD-4A92-BF26-4CD6CA03E2E5} = {B0820DC4-7CA5-4C96-89CC-FA6F465C58CA}
		{64A6D320-6913-4049-AE7B-0789CBA1EBA6} = {10D4399A-AEE5-430E-AE70-3CDC5A24073A}
		{A4DA1779-EAAD-4889-A4AA-1764BB227FD7} = {10D4399A-AEE5-430E-AE70-3CDC5A24073A}
		{812C5A4F-993C-4EBE-A287-4086703B55BC} = {10D4399A-AEE5-430E-AE70-3CDC5A24073A}
		{0FF5BA2F-5C80-4078-B84A-0D44E65CB8D9} = {938993CF-0982-4369-8157-282F694CA13B}
		{A46DCD2B-E703-451B-9DC1-2ECE90B17E91} = {938993CF-0982-4369-8157-282F694CA13B}
		{F3673736-3625-4815-A0E4-D27849C443EA} = {938993CF-0982-4369-8157-282F694CA13B}
	EndGlobalSection
	GlobalSection(ExtensibilityGlobals) = postSolution
		SolutionGuid = {25ED81D5-43B9-4EA7-B2D9-27D516734C02}
	EndGlobalSection
EndGlobal
